#MicroXplorer Configuration settings - do not modify
PCC.Series=STM32L4
PB13.GPIOParameters=GPIO_PuPd,GPIO_ModeDefaultEXTI
RCC.USART1Freq_Value=16000000
SPI2.VirtualType=VM_MASTER
PB10.Mode=TX_Only_Simplex_Unidirect_Master
PC12.Locked=true
TIM1.IPParameters=Prescaler
SH.GPXTI14.0=GPIO_EXTI14
PC12.Signal=GPIO_Output
PC7.Locked=true
PA13\ (JTMS-SWDIO).Locked=true
PC3.Locked=true
PA15\ (JTDI).Signal=GPIO_Output
PC15-OSC32_OUT\ (PC15).Mode=LSE-External-Oscillator
PB13.Signal=GPXTI13
PinOutPanel.RotationAngle=0
RCC.SYSCLKSource=RCC_SYSCLKSOURCE_PLLCLK
RCC.MCO1PinFreq_Value=16000000
PC14-OSC32_IN\ (PC14).Mode=LSE-External-Oscillator
SH.GPXTI13.0=GPIO_EXTI13
PA14\ (JTCK-SWCLK).Signal=SYS_JTCK-SWCLK
RCC.LPTIM1Freq_Value=32000
NVIC.SVCall_IRQn=true\:0\:0\:false\:false\:true\:false\:false
PCC.Seq0.Step1.Oscillator=ALL CLOCKS OFF
NVIC.EXTI1_IRQn=true\:0\:0\:false\:false\:true\:true\:true
PCC.PartNumber=STM32L476RGTx
RCC.ADCCLockSelection=RCC_ADCCLKSOURCE_SYSCLK
RCC.APB2TimFreq_Value=16000000
PB6.Signal=GPIO_Output
PC7.Signal=GPIO_Output
PCC.Seq0.Step1.TaMax=105
PC3.Signal=SPI2_MOSI
RCC.SAI2Freq_Value=18285714.285714287
PCC.Seq0.Step1.Category=In DS Table
RCC.PREFETCH_ENABLE=1
PB13.Locked=true
RCC.USART3Freq_Value=16000000
NVIC.EXTI15_10_IRQn=true\:0\:0\:false\:false\:true\:true\:true
ProjectManager.ProjectBuild=false
NVIC.UsageFault_IRQn=true\:0\:0\:false\:false\:true\:true\:false
PA0.Locked=true
PCC.Seq0.Step1.Vdd=3.0
PB2.Signal=GPXTI2
PA8.Locked=true
PA4.Locked=true
PCC.Seq0.Step0.Voltage_Source=Battery
SH.GPXTI12.0=GPIO_EXTI12
ProjectManager.FirmwarePackage=STM32Cube FW_L4 V1.17.0
VP_ADC1_Vref_Input.Mode=IN-Vrefint
MxDb.Version=DB.6.0.21
PB0.GPIOParameters=GPIO_PuPd,GPIO_ModeDefaultEXTI
ProjectManager.BackupPrevious=false
SPI2.CalculateBaudRate=4.0 MBits/s
PA8.Signal=GPIO_Output
PA8.GPIO_ModeDefaultOutputPP=GPIO_MODE_OUTPUT_OD
RCC.PLLRCLKFreq_Value=16000000
SH.GPXTI11.ConfNb=1
PB6.Locked=true
NVIC.PendSV_IRQn=true\:0\:0\:false\:false\:true\:false\:false
ProjectManager.HalAssertFull=false
PB2.GPIO_PuPd=GPIO_PULLUP
VP_TIM1_VS_ClockSourceINT.Mode=Internal
ADC1.SamplingTime-0\#ChannelRegularConversion=ADC_SAMPLETIME_2CYCLES_5
PA0.Signal=GPIO_Output
Mcu.Package=LQFP64
PB9.Signal=GPIO_Output
PB1.Signal=GPXTI1
PB14.GPIO_PuPd=GPIO_PULLUP
PA5.Locked=true
SPI2.Mode=SPI_MODE_MASTER
SH.GPXTI11.0=GPIO_EXTI11
PCC.Seq0.Step1.Average_Current=1.18 \u00B5A
VP_SYS_VS_Systick.Signal=SYS_VS_Systick
RCC.LSCOPinFreq_Value=32000
PA10.Signal=GPIO_Output
RCC.DFSDMFreq_Value=16000000
PB14.GPIOParameters=GPIO_PuPd,GPIO_ModeDefaultEXTI
PA6.GPIO_ModeDefaultOutputPP=GPIO_MODE_OUTPUT_OD
SH.GPXTI14.ConfNb=1
PCC.Seq0.Step1.DMIPS=0.0
NVIC.EXTI2_IRQn=true\:0\:0\:false\:false\:true\:true\:true
RCC.PLLPoutputFreq_Value=18285714.285714287
RCC.APB1TimFreq_Value=16000000
NVIC.BusFault_IRQn=true\:0\:0\:false\:false\:true\:true\:false
RCC.LPUART1Freq_Value=16000000
PA6.GPIO_Speed=GPIO_SPEED_FREQ_LOW
PA13\ (JTMS-SWDIO).Signal=SYS_JTMS-SWDIO
PA13\ (JTMS-SWDIO).GPIOParameters=GPIO_Label
PA8.GPIO_Speed=GPIO_SPEED_FREQ_LOW
ProjectManager.CustomerFirmwarePackage=
PB14.GPIO_ModeDefaultEXTI=GPIO_MODE_IT_FALLING
PA6.GPIOParameters=GPIO_Speed,GPIO_ModeDefaultOutputPP
RCC.VDD_VALUE=2.8
PCC.Seq0.Step0.Category=In DS Table
RCC.PLLQoutputFreq_Value=64000000
ProjectManager.ProjectFileName=OpenRPNCalc.ioc
ADC1.Rank-0\#ChannelRegularConversion=1
Mcu.PinsNb=52
PC11.Locked=true
ADC1.IPParameters=Rank-0\#ChannelRegularConversion,master,Channel-0\#ChannelRegularConversion,SamplingTime-0\#ChannelRegularConversion,OffsetNumber-0\#ChannelRegularConversion,NbrOfConversionFlag
PC13.Locked=true
ADC1.OffsetNumber-0\#ChannelRegularConversion=ADC_OFFSET_NONE
PC13.Signal=GPIO_Output
RCC.SWPMI1Freq_Value=16000000
PC2.Signal=GPIO_Output
PC6.Signal=GPIO_Output
SH.GPXTI0.ConfNb=1
PCC.Line=STM32L4x6
PC0.Signal=GPIO_Output
PB14.Locked=true
PB13.GPIO_ModeDefaultEXTI=GPIO_MODE_IT_FALLING
PCC.MCU=STM32L476R(C-E-G)Tx
PA11.Locked=true
SH.GPXTI2.ConfNb=1
Mcu.Pin51=VP_TIM1_VS_ClockSourceINT
Mcu.Pin50=VP_SYS_VS_Systick
PC6.Locked=true
PA9.Signal=GPIO_Output
VP_TIM1_VS_ClockSourceINT.Signal=TIM1_VS_ClockSourceINT
PB11.GPIOParameters=GPIO_PuPd,GPIO_ModeDefaultEXTI
PB5.Locked=true
PB9.Locked=true
Mcu.Pin48=VP_ADC1_Vref_Input
Mcu.Pin49=VP_LPTIM1_VS_LPTIM_counterModeInternalClock
RCC.PLLSAI1PoutputFreq_Value=18285714.285714287
Mcu.Pin46=PB8
Mcu.Pin47=PB9
PB10.Signal=SPI2_SCK
PB14.Signal=GPXTI14
RCC.PLLSAI2RoutputFreq_Value=64000000
PA5.Signal=GPIO_Output
Mcu.Pin40=PC12
Mcu.Pin41=PB3 (JTDO-TRACESWO)
Mcu.Pin44=PB6
Mcu.Pin45=PB7
Mcu.Pin42=PB4 (NJTRST)
Mcu.Pin43=PB5
ProjectManager.LastFirmware=true
PA7.GPIO_Speed=GPIO_SPEED_FREQ_LOW
NVIC.LPTIM1_IRQn=true\:0\:0\:false\:false\:true\:true\:true
PB13.GPIO_PuPd=GPIO_PULLUP
PCC.Seq0.Step0.Vcore=Range1-High
Mcu.Pin37=PA15 (JTDI)
Mcu.Pin38=PC10
Mcu.Pin35=PA13 (JTMS-SWDIO)
RCC.I2C1Freq_Value=16000000
Mcu.Pin36=PA14 (JTCK-SWCLK)
Mcu.Pin39=PC11
RCC.RNGFreq_Value=64000000
Mcu.Pin30=PA8
Mcu.Pin33=PA11
Mcu.Pin34=PA12
Mcu.Pin31=PA9
Mcu.Pin32=PA10
PA9.Locked=true
NVIC.NonMaskableInt_IRQn=true\:0\:0\:false\:false\:true\:true\:false
ProjectManager.FreePins=false
RCC.LPTIM2Freq_Value=16000000
Mcu.Pin26=PC6
Mcu.Pin27=PC7
Mcu.Pin24=PB14
ProjectManager.UnderRoot=true
Mcu.Pin25=PB15
Mcu.Pin28=PC8
Mcu.Pin29=PC9
PA13\ (JTMS-SWDIO).Mode=Serial_Wire
PA4.Signal=GPIO_Output
Mcu.Pin22=PB12
PB5.Signal=GPIO_Output
Mcu.Pin23=PB13
Mcu.Pin20=PB10
ADC1.master=1
PA3.Locked=true
Mcu.Pin21=PB11
PA10.Locked=true
NVIC.ForceEnableDMAVector=true
PA14\ (JTCK-SWCLK).Locked=true
NVIC.MemoryManagement_IRQn=true\:0\:0\:false\:false\:true\:true\:false
ProjectManager.CompilerOptimize=6
PA11.Signal=GPIO_Output
ProjectManager.HeapSize=0x200
Mcu.Pin15=PC4
NVIC.HardFault_IRQn=true\:0\:0\:false\:false\:true\:true\:false
Mcu.Pin16=PC5
Mcu.Pin13=PA6
Mcu.Pin14=PA7
Mcu.Pin19=PB2
SH.GPXTI15.ConfNb=1
ProjectManager.ComputerToolchain=false
Mcu.Pin17=PB0
Mcu.Pin18=PB1
NVIC.PriorityGroup=NVIC_PRIORITYGROUP_4
Mcu.Pin11=PA4
Mcu.Pin12=PA5
Mcu.Pin10=PA3
RCC.PWRFreq_Value=16000000
SPI2.DataSize=SPI_DATASIZE_8BIT
PCC.Seq0.Step1.Vcore=NoRange
PCC.Seq0.Step1.Voltage_Source=Battery
SH.GPXTI1.ConfNb=1
PCC.Seq0=2
PB12.GPIO_PuPd=GPIO_PULLUP
RCC.I2C2Freq_Value=16000000
PB0.Signal=GPXTI0
PA7.GPIOParameters=GPIO_Speed,GPIO_ModeDefaultOutputPP
PC0.Locked=true
PC1.Signal=GPIO_Output
PB12.GPIOParameters=GPIO_PuPd,GPIO_ModeDefaultEXTI
Mcu.Family=STM32L4
PC3.Mode=TX_Only_Simplex_Unidirect_Master
SH.GPXTI1.0=GPIO_EXTI1
ProjectManager.MainLocation=Core/Src
RCC.SAI1Freq_Value=18285714.285714287
RCC.CortexFreq_Value=16000000
ProjectManager.KeepUserCode=true
Mcu.UserName=STM32L476RGTx
PCC.Seq0.Step0.CPU_Frequency=16 MHz
PCC.Seq0.Step0.User's_Consumption=0 mA
PC10.Locked=true
PC10.Signal=GPIO_Output
RCC.PLLSAI1RoutputFreq_Value=16000000
PC5.Locked=true
ProjectManager.functionlistsort=1-MX_GPIO_Init-GPIO-false-HAL-true,2-SystemClock_Config-RCC-false-HAL-false,3-MX_LPTIM1_Init-LPTIM1-false-HAL-true,4-MX_SPI2_Init-SPI2-false-HAL-true,5-MX_TIM1_Init-TIM1-false-HAL-true
PA9.GPIOParameters=GPIO_Speed,GPIO_ModeDefaultOutputPP
PC9.Locked=true
PA7.GPIO_ModeDefaultOutputPP=GPIO_MODE_OUTPUT_OD
RCC.USART2Freq_Value=16000000
PB11.GPIO_PuPd=GPIO_PULLUP
PCC.Seq0.Step1.Duration=0.9 ms
PC1.Locked=true
PB11.Signal=GPXTI11
PB15.Signal=GPXTI15
ProjectManager.StackSize=0x400
PB3\ (JTDO-TRACESWO).Signal=GPIO_Output
SH.GPXTI2.0=GPIO_EXTI2
RCC.I2C3Freq_Value=16000000
Mcu.IP4=SPI2
PB2.GPIO_ModeDefaultEXTI=GPIO_MODE_IT_FALLING
RCC.FCLKCortexFreq_Value=16000000
Mcu.IP5=SYS
Mcu.IP2=NVIC
Mcu.IP3=RCC
Mcu.IP0=ADC1
Mcu.IP1=LPTIM1
PA12.Locked=true
PA12.Signal=GPIO_Output
TIM1.Prescaler=9
Mcu.UserConstants=
RCC.VCOSAI1OutputFreq_Value=128000000
RCC.SDMMCFreq_Value=64000000
PA14\ (JTCK-SWCLK).GPIOParameters=GPIO_Label
SH.GPXTI13.ConfNb=1
Mcu.ThirdPartyNb=0
PB1.GPIO_PuPd=GPIO_PULLUP
RCC.HCLKFreq_Value=16000000
Mcu.IPNb=7
ProjectManager.PreviousToolchain=
PB1.GPIO_ModeDefaultEXTI=GPIO_MODE_IT_FALLING
PA8.GPIOParameters=GPIO_Speed,GPIO_ModeDefaultOutputPP
Mcu.Pin6=PC3
Mcu.Pin7=PA0
Mcu.Pin8=PA1
Mcu.Pin9=PA2
RCC.AHBFreq_Value=16000000
SPI2.BaudRatePrescaler=SPI_BAUDRATEPRESCALER_4
Mcu.Pin0=PC13
Mcu.Pin1=PC14-OSC32_IN (PC14)
GPIO.groupedBy=Group By Peripherals
Mcu.Pin2=PC15-OSC32_OUT (PC15)
Mcu.Pin3=PC0
Mcu.Pin4=PC1
Mcu.Pin5=PC2
ADC1.Channel-0\#ChannelRegularConversion=ADC_CHANNEL_VREFINT
RCC.HSE_VALUE=8000000
NVIC.DebugMonitor_IRQn=true\:0\:0\:false\:false\:true\:true\:false
PCC.Seq0.Step0.DMIPS=20.0
NVIC.SysTick_IRQn=true\:0\:0\:false\:false\:true\:true\:true
PA4.GPIO_Speed=GPIO_SPEED_FREQ_LOW
PB0.GPIO_ModeDefaultEXTI=GPIO_MODE_IT_FALLING
RCC.VCOInputFreq_Value=16000000
File.Version=6
PB7.Signal=GPIO_Output
PB8.Locked=true
PB0.Locked=true
ProjectManager.ProjectName=OpenRPNCalc
PB4\ (NJTRST).Locked=true
PCC.Seq0.Step0.Oscillator=HSE
PA6.Signal=GPIO_Output
PA7.Locked=true
PB15.GPIO_PuPd=GPIO_PULLUP
ProjectManager.ToolChainLocation=
RCC.LSI_VALUE=32000
VP_LPTIM1_VS_LPTIM_counterModeInternalClock.Mode=Counts__internal_clock_event_00
SH.GPXTI0.0=GPIO_EXTI0
PB11.GPIO_ModeDefaultEXTI=GPIO_MODE_IT_FALLING
PCC.Checker=true
PA4.GPIO_ModeDefaultOutputPP=GPIO_MODE_OUTPUT_OD
PA10.GPIO_Speed=GPIO_SPEED_FREQ_LOW
PCC.Seq0.Step0.Duration=0.1 ms
PC14-OSC32_IN\ (PC14).Locked=true
PC4.Locked=true
PCC.Seq0.Step0.Peripherals=
SPI2.Direction=SPI_DIRECTION_2LINES
PC5.Signal=GPIO_Output
PCC.Seq0.Step1.Mode=STOP2
RCC.PLLSAI1R=RCC_PLLR_DIV8
PB15.Locked=true
PB3\ (JTDO-TRACESWO).Locked=true
PA3.Signal=GPIO_Output
PCC.Seq0.Step1.CPU_Frequency=0 Hz
PCC.Seq0.Step1.Memory=n/a
PA2.Locked=true
RCC.MSI_VALUE=4000000
RCC.PLLSourceVirtual=RCC_PLLSOURCE_HSI
PA14\ (JTCK-SWCLK).Mode=Serial_Wire
PCC.Seq0.Step0.Average_Current=2.19 mA
PCC.Vdd=3.0
ProjectManager.NoMain=false
PC11.Signal=GPIO_Output
SPI2.NSSPMode=SPI_NSS_PULSE_DISABLE
PC8.Signal=GPIO_Output
PC4.Signal=GPIO_Output
ProjectManager.DefaultFWLocation=true
PC15-OSC32_OUT\ (PC15).Signal=RCC_OSC32_OUT
PB12.Locked=true
PA14\ (JTCK-SWCLK).GPIO_Label=TCK
ProjectManager.DeletePrevious=true
PB10.Locked=true
RCC.VCOSAI2OutputFreq_Value=128000000
boardIOC=true
RCC.FamilyName=M
PCC.Seq0.Step0.TaMax=104.7
ProjectManager.TargetToolchain=STM32CubeIDE
PCC.Seq0.Step1.User's_Consumption=0 mA
PCC.Seq0.Step0.Mode=RUN
PA10.GPIO_ModeDefaultOutputPP=GPIO_MODE_OUTPUT_OD
PB2.GPIOParameters=GPIO_PuPd,GPIO_ModeDefaultEXTI
RCC.LPTIM1CLockSelection=RCC_LPTIM1CLKSOURCE_LSI
SH.GPXTI12.ConfNb=1
SPI2.IPParameters=VirtualType,Mode,Direction,CalculateBaudRate,DataSize,FirstBit,BaudRatePrescaler,NSSPMode
PC2.Locked=true
ProjectManager.RegisterCallBack=
PC15-OSC32_OUT\ (PC15).Locked=true
RCC.USBFreq_Value=64000000
PA1.Signal=GPIO_Output
PB1.Locked=true
PB15.GPIO_ModeDefaultEXTI=GPIO_MODE_IT_FALLING
board=NUCLEO-L476RG
PCC.Temperature=25
RCC.VCOOutputFreq_Value=128000000
RCC.APB2Freq_Value=16000000
RCC.UART4Freq_Value=16000000
PCC.Seq0.Step0.Frequency=16 MHz
MxCube.Version=6.2.1
PA13\ (JTMS-SWDIO).GPIO_Label=TMS
RCC.PLLSAI1QoutputFreq_Value=64000000
RCC.ADCFreq_Value=16000000
PA10.GPIOParameters=GPIO_Speed,GPIO_ModeDefaultOutputPP
VP_SYS_VS_Systick.Mode=SysTick
VP_ADC1_Vref_Input.Signal=ADC1_Vref_Input
PA4.GPIOParameters=GPIO_Speed,GPIO_ModeDefaultOutputPP
RCC.UART5Freq_Value=16000000
PB15.GPIOParameters=GPIO_PuPd,GPIO_ModeDefaultEXTI
RCC.IPParameters=ADCCLockSelection,ADCFreq_Value,AHBFreq_Value,APB1Freq_Value,APB1TimFreq_Value,APB2Freq_Value,APB2TimFreq_Value,CortexFreq_Value,DFSDMFreq_Value,FCLKCortexFreq_Value,FamilyName,HCLKFreq_Value,HSE_VALUE,HSI_VALUE,I2C1Freq_Value,I2C2Freq_Value,I2C3Freq_Value,LPTIM1CLockSelection,LPTIM1Freq_Value,LPTIM2Freq_Value,LPUART1Freq_Value,LSCOPinFreq_Value,LSI_VALUE,MCO1PinFreq_Value,MSI_VALUE,PLLPoutputFreq_Value,PLLQoutputFreq_Value,PLLR,PLLRCLKFreq_Value,PLLSAI1PoutputFreq_Value,PLLSAI1QoutputFreq_Value,PLLSAI1R,PLLSAI1RoutputFreq_Value,PLLSAI2PoutputFreq_Value,PLLSAI2RoutputFreq_Value,PLLSourceVirtual,PREFETCH_ENABLE,PWRFreq_Value,RNGFreq_Value,SAI1Freq_Value,SAI2Freq_Value,SDMMCFreq_Value,SWPMI1Freq_Value,SYSCLKFreq_VALUE,SYSCLKSource,UART4Freq_Value,UART5Freq_Value,USART1Freq_Value,USART2Freq_Value,USART3Freq_Value,USBFreq_Value,VCOInputFreq_Value,VCOOutputFreq_Value,VCOSAI1OutputFreq_Value,VCOSAI2OutputFreq_Value,VDD_VALUE
ProjectManager.AskForMigrate=true
Mcu.Name=STM32L476R(C-E-G)Tx
PA2.Signal=GPIO_Output
PB2.Locked=true
Mcu.IP6=TIM1
ProjectManager.CoupleFile=false
PA9.GPIO_ModeDefaultOutputPP=GPIO_MODE_OUTPUT_OD
PCC.Seq0.Step0.Memory=FLASH/ART/Cache
NVIC.EXTI0_IRQn=true\:0\:0\:false\:false\:true\:true\:true
RCC.SYSCLKFreq_VALUE=16000000
PA1.Locked=true
RCC.PLLSAI2PoutputFreq_Value=18285714.285714287
KeepUserPlacement=false
PC14-OSC32_IN\ (PC14).Signal=RCC_OSC32_IN
SPI2.FirstBit=SPI_FIRSTBIT_LSB
PB12.GPIO_ModeDefaultEXTI=GPIO_MODE_IT_FALLING
RCC.HSI_VALUE=16000000
PCC.Seq0.Step1.Frequency=0 Hz
RCC.PLLR=RCC_PLLR_DIV8
ADC1.NbrOfConversionFlag=1
SH.GPXTI15.0=GPIO_EXTI15
PB7.Locked=true
PCC.Seq0.Step1.Peripherals=
PA9.GPIO_Speed=GPIO_SPEED_FREQ_LOW
PB8.Signal=GPIO_Output
VP_LPTIM1_VS_LPTIM_counterModeInternalClock.Signal=LPTIM1_VS_LPTIM_counterModeInternalClock
PC8.Locked=true
PC9.Signal=GPIO_Output
PCC.Seq0.Step0.Vdd=3.0
PA15\ (JTDI).Locked=true
RCC.APB1Freq_Value=16000000
PB11.Locked=true
ProjectManager.DeviceId=STM32L476RGTx
PB12.Signal=GPXTI12
ProjectManager.LibraryCopy=1
PB0.GPIO_PuPd=GPIO_PULLUP
PB1.GPIOParameters=GPIO_PuPd,GPIO_ModeDefaultEXTI
PA7.Signal=GPIO_Output
PB4\ (NJTRST).Signal=GPIO_Output
PA6.Locked=true
isbadioc=false
