#MicroXplorer Configuration settings - do not modify
ADC1.Channel-0\#ChannelRegularConversion=ADC_CHANNEL_VREFINT
ADC1.IPParameters=Rank-0\#ChannelRegularConversion,Channel-0\#ChannelRegularConversion,SamplingTime-0\#ChannelRegularConversion,OffsetNumber-0\#ChannelRegularConversion,MonitoredBy-0\#ChannelRegularConversion,NbrOfConversionFlag,master
ADC1.MonitoredBy-0\#ChannelRegularConversion=__NULL
ADC1.NbrOfConversionFlag=1
ADC1.OffsetNumber-0\#ChannelRegularConversion=ADC_OFFSET_NONE
ADC1.Rank-0\#ChannelRegularConversion=1
ADC1.SamplingTime-0\#ChannelRegularConversion=ADC_SAMPLETIME_1CYCLE_5
ADC1.master=1
CAD.formats=
CAD.pinconfig=
CAD.provider=
CORTEX_M33_NS.userName=CORTEX_M33
File.Version=6
GPIO.groupedBy=Group By Peripherals
KeepUserPlacement=false
LPTIM1.IPParameters=Period
LPTIM1.Period=16384
Mcu.CPN=STM32U385RGT6Q
Mcu.ContextProject=TrustZoneDisabled
Mcu.Family=STM32U3
Mcu.IP0=ADC1
Mcu.IP1=CORTEX_M33_NS
Mcu.IP10=TIM1
Mcu.IP2=DEBUG
Mcu.IP3=ICACHE
Mcu.IP4=LPTIM1
Mcu.IP5=NVIC
Mcu.IP6=PWR
Mcu.IP7=RCC
Mcu.IP8=SPI2
Mcu.IP9=SYS
Mcu.IPNb=11
Mcu.Name=STM32U385RGTxQ
Mcu.Package=LQFP64
Mcu.Pin0=PC0
Mcu.Pin1=PC1
Mcu.Pin10=PB1
Mcu.Pin11=PB2
Mcu.Pin12=PB10
Mcu.Pin13=PB13
Mcu.Pin14=PB14
Mcu.Pin15=PB15
Mcu.Pin16=PC6
Mcu.Pin17=PC7
Mcu.Pin18=PC8
Mcu.Pin19=PA8
Mcu.Pin2=PC2
Mcu.Pin20=PA9
Mcu.Pin21=PA10
Mcu.Pin22=PA13 (JTMS/SWDIO)
Mcu.Pin23=PA14 (JTCK/SWCLK)
Mcu.Pin24=PA15 (JTDI)
Mcu.Pin25=PD2
Mcu.Pin26=PB3 (JTDO/TRACESWO)
Mcu.Pin27=PB4 (NJTRST)
Mcu.Pin28=PB5
Mcu.Pin29=PB8
Mcu.Pin3=PC3
Mcu.Pin30=VP_ADC1_Vref_Input
Mcu.Pin31=VP_ICACHE_VS_ICACHE
Mcu.Pin32=VP_LPTIM1_VS_LPTIM_counterModeInternalClock
Mcu.Pin33=VP_PWR_VS_SECSignals
Mcu.Pin34=VP_PWR_VS_LPOM
Mcu.Pin35=VP_PWR_VS_DBSignals
Mcu.Pin36=VP_SYS_VS_Systick
Mcu.Pin37=VP_TIM1_VS_ClockSourceINT
Mcu.Pin4=PA0
Mcu.Pin5=PA2
Mcu.Pin6=PA3
Mcu.Pin7=PA4
Mcu.Pin8=PA5
Mcu.Pin9=PB0
Mcu.PinsNb=38
Mcu.ThirdPartyNb=0
Mcu.UserConstants=
Mcu.UserName=STM32U385RGTxQ
MxCube.Version=6.13.0
MxDb.Version=DB.6.0.130
NVIC.BusFault_IRQn=true\:0\:0\:false\:false\:true\:false\:false\:false
NVIC.DebugMonitor_IRQn=true\:0\:0\:false\:false\:true\:false\:false\:false
NVIC.EXTI0_IRQn=true\:0\:0\:false\:false\:true\:true\:true\:true
NVIC.EXTI13_IRQn=true\:0\:0\:false\:false\:true\:true\:true\:true
NVIC.EXTI14_IRQn=true\:0\:0\:false\:false\:true\:true\:true\:true
NVIC.EXTI15_IRQn=true\:0\:0\:false\:false\:true\:true\:true\:true
NVIC.EXTI1_IRQn=true\:0\:0\:false\:false\:true\:true\:true\:true
NVIC.EXTI2_IRQn=true\:0\:0\:false\:false\:true\:true\:true\:true
NVIC.EXTI3_IRQn=true\:0\:0\:false\:false\:true\:true\:true\:true
NVIC.EXTI4_IRQn=true\:0\:0\:false\:false\:true\:true\:true\:true
NVIC.EXTI5_IRQn=true\:0\:0\:false\:false\:true\:true\:true\:true
NVIC.ForceEnableDMAVector=true
NVIC.HardFault_IRQn=true\:0\:0\:false\:false\:true\:false\:false\:false
NVIC.LPTIM1_IRQn=true\:0\:0\:false\:false\:true\:true\:true\:true
NVIC.MemoryManagement_IRQn=true\:0\:0\:false\:false\:true\:false\:false\:false
NVIC.NonMaskableInt_IRQn=true\:0\:0\:false\:false\:true\:false\:false\:false
NVIC.PendSV_IRQn=true\:0\:0\:false\:false\:true\:false\:false\:false
NVIC.PriorityGroup=NVIC_PRIORITYGROUP_4
NVIC.SVCall_IRQn=true\:0\:0\:false\:false\:true\:false\:false\:false
NVIC.SysTick_IRQn=true\:15\:0\:false\:false\:true\:false\:true\:false
NVIC.UsageFault_IRQn=true\:0\:0\:false\:false\:true\:false\:false\:false
PA0.GPIOParameters=GPIO_PuPd,GPIO_ModeDefaultOutputPP
PA0.GPIO_ModeDefaultOutputPP=GPIO_MODE_OUTPUT_OD
PA0.GPIO_PuPd=GPIO_NOPULL
PA0.Locked=true
PA0.Signal=GPIO_Output
PA10.GPIOParameters=GPIO_Speed
PA10.GPIO_Speed=GPIO_SPEED_FREQ_VERY_HIGH
PA10.Locked=true
PA10.Signal=GPIO_Output
PA13\ (JTMS/SWDIO).Locked=true
PA13\ (JTMS/SWDIO).Mode=Serial_Wire
PA13\ (JTMS/SWDIO).Signal=DEBUG_JTMS-SWDIO
PA14\ (JTCK/SWCLK).Locked=true
PA14\ (JTCK/SWCLK).Mode=Serial_Wire
PA14\ (JTCK/SWCLK).Signal=DEBUG_JTCK-SWCLK
PA15\ (JTDI).Locked=true
PA15\ (JTDI).Signal=GPIO_Output
PA2.GPIOParameters=GPIO_PuPd,GPIO_ModeDefaultOutputPP
PA2.GPIO_ModeDefaultOutputPP=GPIO_MODE_OUTPUT_OD
PA2.GPIO_PuPd=GPIO_NOPULL
PA2.Locked=true
PA2.Signal=GPIO_Output
PA3.GPIOParameters=GPIO_PuPd,GPIO_ModeDefaultOutputPP
PA3.GPIO_ModeDefaultOutputPP=GPIO_MODE_OUTPUT_OD
PA3.GPIO_PuPd=GPIO_NOPULL
PA3.Locked=true
PA3.Signal=GPIO_Output
PA4.GPIOParameters=GPIO_PuPd,GPIO_ModeDefaultOutputPP
PA4.GPIO_ModeDefaultOutputPP=GPIO_MODE_OUTPUT_OD
PA4.GPIO_PuPd=GPIO_NOPULL
PA4.Locked=true
PA4.Signal=GPIO_Output
PA5.GPIOParameters=GPIO_PuPd,GPIO_ModeDefaultOutputPP
PA5.GPIO_ModeDefaultOutputPP=GPIO_MODE_OUTPUT_OD
PA5.GPIO_PuPd=GPIO_NOPULL
PA5.Locked=true
PA5.Signal=GPIO_Output
PA8.GPIOParameters=GPIO_PuPd,GPIO_ModeDefaultOutputPP
PA8.GPIO_ModeDefaultOutputPP=GPIO_MODE_OUTPUT_OD
PA8.GPIO_PuPd=GPIO_NOPULL
PA8.Locked=true
PA8.Signal=GPIO_Output
PA9.GPIOParameters=GPIO_Speed
PA9.GPIO_Speed=GPIO_SPEED_FREQ_VERY_HIGH
PA9.Locked=true
PA9.Signal=GPIO_Output
PB0.GPIOParameters=GPIO_ModeDefaultEXTI
PB0.GPIO_ModeDefaultEXTI=GPIO_MODE_IT_FALLING
PB0.Locked=true
PB0.Signal=GPXTI0
PB1.GPIOParameters=GPIO_ModeDefaultEXTI
PB1.GPIO_ModeDefaultEXTI=GPIO_MODE_IT_FALLING
PB1.Locked=true
PB1.Signal=GPXTI1
PB10.GPIOParameters=GPIO_Speed
PB10.GPIO_Speed=GPIO_SPEED_FREQ_VERY_HIGH
PB10.Mode=TX_Only_Simplex_Unidirect_Master
PB10.Signal=SPI2_SCK
PB13.GPIOParameters=GPIO_ModeDefaultEXTI
PB13.GPIO_ModeDefaultEXTI=GPIO_MODE_IT_FALLING
PB13.Locked=true
PB13.Signal=GPXTI13
PB14.GPIOParameters=GPIO_ModeDefaultEXTI
PB14.GPIO_ModeDefaultEXTI=GPIO_MODE_IT_FALLING
PB14.Locked=true
PB14.Signal=GPXTI14
PB15.Locked=true
PB15.Signal=GPXTI15
PB2.GPIOParameters=GPIO_ModeDefaultEXTI
PB2.GPIO_ModeDefaultEXTI=GPIO_MODE_IT_FALLING
PB2.Locked=true
PB2.Signal=GPXTI2
PB3\ (JTDO/TRACESWO).GPIOParameters=GPIO_ModeDefaultEXTI
PB3\ (JTDO/TRACESWO).GPIO_ModeDefaultEXTI=GPIO_MODE_IT_FALLING
PB3\ (JTDO/TRACESWO).Locked=true
PB3\ (JTDO/TRACESWO).Signal=GPXTI3
PB4\ (NJTRST).GPIOParameters=GPIO_ModeDefaultEXTI
PB4\ (NJTRST).GPIO_ModeDefaultEXTI=GPIO_MODE_IT_FALLING
PB4\ (NJTRST).Locked=true
PB4\ (NJTRST).Signal=GPXTI4
PB5.GPIOParameters=GPIO_ModeDefaultEXTI
PB5.GPIO_ModeDefaultEXTI=GPIO_MODE_IT_FALLING
PB5.Locked=true
PB5.Signal=GPXTI5
PB8.GPIOParameters=GPIO_PuPd,GPIO_ModeDefaultEXTI
PB8.GPIO_ModeDefaultEXTI=GPIO_MODE_IT_FALLING
PB8.GPIO_PuPd=GPIO_PULLUP
PB8.Locked=true
PB8.Signal=GPXTI8
PC0.GPIOParameters=GPIO_Speed
PC0.GPIO_Speed=GPIO_SPEED_FREQ_VERY_HIGH
PC0.Locked=true
PC0.Signal=GPIO_Output
PC1.GPIOParameters=GPIO_Speed
PC1.GPIO_Speed=GPIO_SPEED_FREQ_VERY_HIGH
PC1.Mode=TX_Only_Simplex_Unidirect_Master
PC1.Signal=SPI2_MOSI
PC2.GPIOParameters=GPIO_PuPd
PC2.GPIO_PuPd=GPIO_PULLUP
PC2.Locked=true
PC2.Signal=GPIO_Input
PC3.GPIOParameters=GPIO_PuPd
PC3.GPIO_PuPd=GPIO_NOPULL
PC3.Locked=true
PC3.Signal=GPIO_Input
PC6.GPIOParameters=GPIO_PuPd
PC6.GPIO_PuPd=GPIO_PULLUP
PC6.Locked=true
PC6.Signal=GPIO_Input
PC7.GPIOParameters=PinState,GPIO_PuPd,GPIO_ModeDefaultOutputPP
PC7.GPIO_ModeDefaultOutputPP=GPIO_MODE_OUTPUT_OD
PC7.GPIO_PuPd=GPIO_NOPULL
PC7.Locked=true
PC7.PinState=GPIO_PIN_SET
PC7.Signal=GPIO_Output
PC8.Locked=true
PC8.Signal=GPIO_Analog
PD2.Locked=true
PD2.Signal=GPIO_Output
PinOutPanel.RotationAngle=0
ProjectManager.AskForMigrate=true
ProjectManager.BackupPrevious=false
ProjectManager.CompilerOptimize=6
ProjectManager.ComputerToolchain=false
ProjectManager.CoupleFile=false
ProjectManager.CustomerFirmwarePackage=
ProjectManager.DefaultFWLocation=true
ProjectManager.DeletePrevious=true
ProjectManager.DeviceId=STM32U385RGTxQ
ProjectManager.FirmwarePackage=STM32Cube FW_U3 V1.0.0
ProjectManager.FreePins=true
ProjectManager.HalAssertFull=false
ProjectManager.HeapSize=0x200
ProjectManager.KeepUserCode=true
ProjectManager.LastFirmware=true
ProjectManager.LibraryCopy=1
ProjectManager.MainLocation=Core/Src
ProjectManager.NoMain=false
ProjectManager.PreviousToolchain=
ProjectManager.ProjectBuild=false
ProjectManager.ProjectFileName=OpenRPNCalc.ioc
ProjectManager.ProjectName=OpenRPNCalc
ProjectManager.ProjectStructure=
ProjectManager.RegisterCallBack=
ProjectManager.StackSize=0x400
ProjectManager.TargetToolchain=STM32CubeIDE
ProjectManager.ToolChainLocation=
ProjectManager.UAScriptAfterPath=
ProjectManager.UAScriptBeforePath=
ProjectManager.UnderRoot=true
ProjectManager.functionlistsort=1-SystemClock_Config-RCC-false-HAL-false,2-MX_GPIO_Init-GPIO-false-HAL-true,3-MX_ICACHE_Init-ICACHE-false-HAL-true,4-MX_LPTIM1_Init-LPTIM1-false-HAL-true,5-MX_TIM1_Init-TIM1-false-HAL-true,6-MX_SPI2_Init-SPI2-false-HAL-true,7-MX_ADC1_Init-ADC1-false-HAL-true,0-MX_CORTEX_M33_NS_Init-CORTEX_M33_NS-false-HAL-true,0-MX_PWR_Init-PWR-false-HAL-true
RCC.ADCFreq_Value=16000000
RCC.ADF1Freq_Value=16000000
RCC.AHBFreq_Value=16000000
RCC.APB1Freq_Value=16000000
RCC.APB1TimFreq_Value=16000000
RCC.APB2Freq_Value=16000000
RCC.APB2TimFreq_Value=16000000
RCC.APB3Freq_Value=16000000
RCC.CRSFreq_Value=48000000
RCC.CortexFreq_Value=2000000
RCC.DACFreq_Value=32000
RCC.FCLKCortexFreq_Value=16000000
RCC.FDCANFreq_Value=16000000
RCC.FamilyName=M
RCC.HCLKFreq_Value=16000000
RCC.HSE_VALUE=16000000
RCC.HSI48_VALUE=48000000
RCC.HSI_VALUE=16000000
RCC.I2C1Freq_Value=16000000
RCC.I2C2Freq_Value=16000000
RCC.I2C3Freq_Value=16000000
RCC.I3C1Freq_Value=16000000
RCC.I3C2Freq_Value=16000000
RCC.ICLKCLockSelection=RCC_ICLKCLKSOURCE_MSIK
RCC.IPParameters=ADCFreq_Value,ADF1Freq_Value,AHBFreq_Value,APB1Freq_Value,APB1TimFreq_Value,APB2Freq_Value,APB2TimFreq_Value,APB3Freq_Value,CRSFreq_Value,CortexFreq_Value,DACFreq_Value,FCLKCortexFreq_Value,FDCANFreq_Value,FamilyName,HCLKFreq_Value,HSE_VALUE,HSI48_VALUE,HSI_VALUE,I2C1Freq_Value,I2C2Freq_Value,I2C3Freq_Value,I3C1Freq_Value,I3C2Freq_Value,ICLKCLockSelection,LPTIM1CLockSelection,LPTIM1Freq_Value,LPTIM2Freq_Value,LPTIM3Freq_Value,LPUART1Freq_Value,LSCOPinFreq_Value,LSE_VALUE,LSIDIV_VALUE,LSI_VALUE,MCO1PinFreq_Value,MCO2PinFreq_Value,MSIKDIV,MSISFreq_Value,OCTOSPIMFreq_Value,PWR_Regulator_Voltage_Scale,RNGFreq_Value,SAI1Freq_Value,SDMMCFreq_Value,SPI1Freq_Value,SPI2Freq_Value,SPI3Freq_Value,SYSCLKFreq_VALUE,SYSCLKSource,UART4Freq_Value,UART5Freq_Value,USART1Freq_Value,USART3Freq_Value,USBFreq_Value
RCC.LPTIM1CLockSelection=RCC_LPTIM1CLKSOURCE_LSI
RCC.LPTIM1Freq_Value=32000
RCC.LPTIM2Freq_Value=16000000
RCC.LPTIM3Freq_Value=48000000
RCC.LPUART1Freq_Value=16000000
RCC.LSCOPinFreq_Value=32000
RCC.LSE_VALUE=32768
RCC.LSIDIV_VALUE=32000
RCC.LSI_VALUE=32000
RCC.MCO1PinFreq_Value=16000000
RCC.MCO2PinFreq_Value=16000000
RCC.MSIKDIV=RCC_MSI_DIV2
RCC.MSISFreq_Value=12000000
RCC.OCTOSPIMFreq_Value=16000000
RCC.PWR_Regulator_Voltage_Scale=PWR_REGULATOR_VOLTAGE_SCALE2
RCC.RNGFreq_Value=48000000
RCC.SAI1Freq_Value=48000000
RCC.SDMMCFreq_Value=48000000
RCC.SPI1Freq_Value=16000000
RCC.SPI2Freq_Value=16000000
RCC.SPI3Freq_Value=16000000
RCC.SYSCLKFreq_VALUE=16000000
RCC.SYSCLKSource=RCC_SYSCLKSOURCE_HSI
RCC.UART4Freq_Value=16000000
RCC.UART5Freq_Value=16000000
RCC.USART1Freq_Value=16000000
RCC.USART3Freq_Value=16000000
RCC.USBFreq_Value=48000000
SH.GPXTI0.0=GPIO_EXTI0
SH.GPXTI0.ConfNb=1
SH.GPXTI1.0=GPIO_EXTI1
SH.GPXTI1.ConfNb=1
SH.GPXTI13.0=GPIO_EXTI13
SH.GPXTI13.ConfNb=1
SH.GPXTI14.0=GPIO_EXTI14
SH.GPXTI14.ConfNb=1
SH.GPXTI15.0=GPIO_EXTI15
SH.GPXTI15.1=ADC1_EXTI15
SH.GPXTI15.ConfNb=2
SH.GPXTI2.0=GPIO_EXTI2
SH.GPXTI2.ConfNb=1
SH.GPXTI3.0=GPIO_EXTI3
SH.GPXTI3.ConfNb=1
SH.GPXTI4.0=GPIO_EXTI4
SH.GPXTI4.ConfNb=1
SH.GPXTI5.0=GPIO_EXTI5
SH.GPXTI5.ConfNb=1
SH.GPXTI8.0=GPIO_EXTI8
SH.GPXTI8.ConfNb=1
SPI2.BaudRatePrescaler=SPI_BAUDRATEPRESCALER_16
SPI2.CLKPolarity=SPI_POLARITY_HIGH
SPI2.CalculateBaudRate=1000.0 KBits/s
SPI2.DataSize=SPI_DATASIZE_8BIT
SPI2.Direction=SPI_DIRECTION_2LINES_TXONLY
SPI2.FirstBit=SPI_FIRSTBIT_LSB
SPI2.IPParameters=VirtualType,Mode,Direction,DataSize,FirstBit,CLKPolarity,CalculateBaudRate,BaudRatePrescaler,NSSPMode
SPI2.Mode=SPI_MODE_MASTER
SPI2.NSSPMode=SPI_NSS_PULSE_DISABLE
SPI2.VirtualType=VM_MASTER
TIM1.IPParameters=Prescaler
TIM1.Prescaler=7
VP_ADC1_Vref_Input.Mode=IN-Vrefint
VP_ADC1_Vref_Input.Signal=ADC1_Vref_Input
VP_ICACHE_VS_ICACHE.Mode=DirectMappedCache
VP_ICACHE_VS_ICACHE.Signal=ICACHE_VS_ICACHE
VP_LPTIM1_VS_LPTIM_counterModeInternalClock.Mode=Counts__internal_clock_event_00
VP_LPTIM1_VS_LPTIM_counterModeInternalClock.Signal=LPTIM1_VS_LPTIM_counterModeInternalClock
VP_PWR_VS_DBSignals.Mode=DisableDeadBatterySignals
VP_PWR_VS_DBSignals.Signal=PWR_VS_DBSignals
VP_PWR_VS_LPOM.Mode=PowerOptimisation
VP_PWR_VS_LPOM.Signal=PWR_VS_LPOM
VP_PWR_VS_SECSignals.Mode=Security/Privilege
VP_PWR_VS_SECSignals.Signal=PWR_VS_SECSignals
VP_SYS_VS_Systick.Mode=SysTick
VP_SYS_VS_Systick.Signal=SYS_VS_Systick
VP_TIM1_VS_ClockSourceINT.Mode=Internal
VP_TIM1_VS_ClockSourceINT.Signal=TIM1_VS_ClockSourceINT
board=custom
isbadioc=false
